{
  "name": "htact",
  "version": "1.0.0",
  "lockfileVersion": 3,
  "requires": true,
  "packages": {
    "": {
      "name": "htact",
      "version": "1.0.0",
      "license": "ISC",
      "dependencies": {
        "htact": "file:htact-1.0.0.tgz"
      }
    },
    "node_modules/htact": {
      "version": "1.0.0",
      "resolved": "file:htact-1.0.0.tgz",
      "integrity": "sha512-vLyBIWCoHzIlnO5U+bsONQp+oB2gV/0Qt2xdoNxa/bJ3Qcu0R6cuYSsM5Bn7UJ7nbtGwpnQlK46zzQUC+3vxTQ==",
      "license": "ISC"
    }
  }
}
